
Microsoft Visual Studio Solution File, Format Version 12.00
# Visual Studio Version 16
VisualStudioVersion = 16.0.30128.74
MinimumVisualStudioVersion = 10.0.40219.1
Project("{FAE04EC0-301F-11D3-BF4B-00C04F79EFBC}") = "MemoryGame_UI", "MemoryGame_UI\MemoryGame_UI.csproj", "{44F88486-D099-4A16-8715-39C9C6F204AE}"
EndProject
Project("{FAE04EC0-301F-11D3-BF4B-00C04F79EFBC}") = "MemoryGame_Logic", "MemoryGame_Logic\MemoryGame_Logic.csproj", "{34D50E16-AC13-47D4-B57D-04A79AC156D0}"
EndProject
Global
	GlobalSection(SolutionConfigurationPlatforms) = preSolution
		Debug|Any CPU = Debug|Any CPU
		Release|Any CPU = Release|Any CPU
	EndGlobalSection
	GlobalSection(ProjectConfigurationPlatforms) = postSolution
		{44F88486-D099-4A16-8715-39C9C6F204AE}.Debug|Any CPU.ActiveCfg = Debug|Any CPU
		{44F88486-D099-4A16-8715-39C9C6F204AE}.Debug|Any CPU.Build.0 = Debug|Any CPU
		{44F88486-D099-4A16-8715-39C9C6F204AE}.Release|Any CPU.ActiveCfg = Release|Any CPU
		{44F88486-D099-4A16-8715-39C9C6F204AE}.Release|Any CPU.Build.0 = Release|Any CPU
		{34D50E16-AC13-47D4-B57D-04A79AC156D0}.Debug|Any CPU.ActiveCfg = Debug|Any CPU
		{34D50E16-AC13-47D4-B57D-04A79AC156D0}.Debug|Any CPU.Build.0 = Debug|Any CPU
		{34D50E16-AC13-47D4-B57D-04A79AC156D0}.Release|Any CPU.ActiveCfg = Release|Any CPU
		{34D50E16-AC13-47D4-B57D-04A79AC156D0}.Release|Any CPU.Build.0 = Release|Any CPU
	EndGlobalSection
	GlobalSection(SolutionProperties) = preSolution
		HideSolutionNode = FALSE
	EndGlobalSection
	GlobalSection(ExtensibilityGlobals) = postSolution
		SolutionGuid = {07BE5265-84A3-4C7D-B02C-FE21760DB0AC}
	EndGlobalSection
EndGlobal
